// !$*UTF8*$!
{
	archiveVersion = 1;
	classes = {
	};
	objectVersion = 50;
	objects = {

/* Begin PBXBuildFile section */
		528BD57724F8DB6B001737AF /* AppDelegate.m in Sources */ = {isa = PBXBuildFile; fileRef = 528BD57624F8DB6B001737AF /* AppDelegate.m */; };
		528BD57A24F8DB6B001737AF /* SceneDelegate.m in Sources */ = {isa = PBXBuildFile; fileRef = 528BD57924F8DB6B001737AF /* SceneDelegate.m */; };
		528BD57D24F8DB6B001737AF /* ViewController.m in Sources */ = {isa = PBXBuildFile; fileRef = 528BD57C24F8DB6B001737AF /* ViewController.m */; };
		528BD58024F8DB6B001737AF /* Main.storyboard in Resources */ = {isa = PBXBuildFile; fileRef = 528BD57E24F8DB6B001737AF /* Main.storyboard */; };
		528BD58224F8DB6D001737AF /* Assets.xcassets in Resources */ = {isa = PBXBuildFile; fileRef = 528BD58124F8DB6D001737AF /* Assets.xcassets */; };
		528BD58524F8DB6D001737AF /* LaunchScreen.storyboard in Resources */ = {isa = PBXBuildFile; fileRef = 528BD58324F8DB6D001737AF /* LaunchScreen.storyboard */; };
		528BD58824F8DB6D001737AF /* main.m in Sources */ = {isa = PBXBuildFile; fileRef = 528BD58724F8DB6D001737AF /* main.m */; };
		B1577484B028D0D2E0561F59 /* Pods_Zujianhua.framework in Frameworks */ = {isa = PBXBuildFile; fileRef = E2D84B834608FD0C8F3C6EB7 /* Pods_Zujianhua.framework */; };
/* End PBXBuildFile section */

/* Begin PBXFileReference section */
		00DA81C266DF36A1C1B6E043 /* Pods-Zujianhua.release.xcconfig */ = {isa = PBXFileReference; includeInIndex = 1; lastKnownFileType = text.xcconfig; name = "Pods-Zujianhua.release.xcconfig"; path = "Target Support Files/Pods-Zujianhua/Pods-Zujianhua.release.xcconfig"; sourceTree = "<group>"; };
		154376707F112F6AAA70E066 /* Pods-Zujianhua.debug.xcconfig */ = {isa = PBXFileReference; includeInIndex = 1; lastKnownFileType = text.xcconfig; name = "Pods-Zujianhua.debug.xcconfig"; path = "Target Support Files/Pods-Zujianhua/Pods-Zujianhua.debug.xcconfig"; sourceTree = "<group>"; };
		528BD57224F8DB6B001737AF /* Zujianhua.app */ = {isa = PBXFileReference; explicitFileType = wrapper.application; includeInIndex = 0; path = Zujianhua.app; sourceTree = BUILT_PRODUCTS_DIR; };
		528BD57524F8DB6B001737AF /* AppDelegate.h */ = {isa = PBXFileReference; lastKnownFileType = sourcecode.c.h; path = AppDelegate.h; sourceTree = "<group>"; };
		528BD57624F8DB6B001737AF /* AppDelegate.m */ = {isa = PBXFileReference; lastKnownFileType = sourcecode.c.objc; path = AppDelegate.m; sourceTree = "<group>"; };
		528BD57824F8DB6B001737AF /* SceneDelegate.h */ = {isa = PBXFileReference; lastKnownFileType = sourcecode.c.h; path = SceneDelegate.h; sourceTree = "<group>"; };
		528BD57924F8DB6B001737AF /* SceneDelegate.m */ = {isa = PBXFileReference; lastKnownFileType = sourcecode.c.objc; path = SceneDelegate.m; sourceTree = "<group>"; };
		528BD57B24F8DB6B001737AF /* ViewController.h */ = {isa = PBXFileReference; lastKnownFileType = sourcecode.c.h; path = ViewController.h; sourceTree = "<group>"; };
		528BD57C24F8DB6B001737AF /* ViewController.m */ = {isa = PBXFileReference; lastKnownFileType = sourcecode.c.objc; path = ViewController.m; sourceTree = "<group>"; };
		528BD57F24F8DB6B001737AF /* Base */ = {isa = PBXFileReference; lastKnownFileType = file.storyboard; name = Base; path = Base.lproj/Main.storyboard; sourceTree = "<group>"; };
		528BD58124F8DB6D001737AF /* Assets.xcassets */ = {isa = PBXFileReference; lastKnownFileType = folder.assetcatalog; path = Assets.xcassets; sourceTree = "<group>"; };
		528BD58424F8DB6D001737AF /* Base */ = {isa = PBXFileReference; lastKnownFileType = file.storyboard; name = Base; path = Base.lproj/LaunchScreen.storyboard; sourceTree = "<group>"; };
		528BD58624F8DB6D001737AF /* Info.plist */ = {isa = PBXFileReference; lastKnownFileType = text.plist.xml; path = Info.plist; sourceTree = "<group>"; };
		528BD58724F8DB6D001737AF /* main.m */ = {isa = PBXFileReference; lastKnownFileType = sourcecode.c.objc; path = main.m; sourceTree = "<group>"; };
		E2D84B834608FD0C8F3C6EB7 /* Pods_Zujianhua.framework */ = {isa = PBXFileReference; explicitFileType = wrapper.framework; includeInIndex = 0; path = Pods_Zujianhua.framework; sourceTree = BUILT_PRODUCTS_DIR; };
/* End PBXFileReference section */

/* Begin PBXFrameworksBuildPhase section */
		528BD56F24F8DB6B001737AF /* Frameworks */ = {
			isa = PBXFrameworksBuildPhase;
			buildActionMask = 2147483647;
			files = (
				B1577484B028D0D2E0561F59 /* Pods_Zujianhua.framework in Frameworks */,
			);
			runOnlyForDeploymentPostprocessing = 0;
		};
/* End PBXFrameworksBuildPhase section */

/* Begin PBXGroup section */
		014949FA7902CD0DAA3C93A9 /* Frameworks */ = {
			isa = PBXGroup;
			children = (
				E2D84B834608FD0C8F3C6EB7 /* Pods_Zujianhua.framework */,
			);
			name = Frameworks;
			sourceTree = "<group>";
		};
		35D58347FDDB3E288F2A1969 /* Pods */ = {
			isa = PBXGroup;
			children = (
				154376707F112F6AAA70E066 /* Pods-Zujianhua.debug.xcconfig */,
				00DA81C266DF36A1C1B6E043 /* Pods-Zujianhua.release.xcconfig */,
			);
			name = Pods;
			path = Pods;
			sourceTree = "<group>";
		};
		528BD56924F8DB6B001737AF = {
			isa = PBXGroup;
			children = (
				528BD57424F8DB6B001737AF /* Zujianhua */,
				528BD57324F8DB6B001737AF /* Products */,
				35D58347FDDB3E288F2A1969 /* Pods */,
				014949FA7902CD0DAA3C93A9 /* Frameworks */,
			);
			sourceTree = "<group>";
		};
		528BD57324F8DB6B001737AF /* Products */ = {
			isa = PBXGroup;
			children = (
				528BD57224F8DB6B001737AF /* Zujianhua.app */,
			);
			name = Products;
			sourceTree = "<group>";
		};
		528BD57424F8DB6B001737AF /* Zujianhua */ = {
			isa = PBXGroup;
			children = (
				528BD57524F8DB6B001737AF /* AppDelegate.h */,
				528BD57624F8DB6B001737AF /* AppDelegate.m */,
				528BD57824F8DB6B001737AF /* SceneDelegate.h */,
				528BD57924F8DB6B001737AF /* SceneDelegate.m */,
				528BD57B24F8DB6B001737AF /* ViewController.h */,
				528BD57C24F8DB6B001737AF /* ViewController.m */,
				528BD57E24F8DB6B001737AF /* Main.storyboard */,
				528BD58124F8DB6D001737AF /* Assets.xcassets */,
				528BD58324F8DB6D001737AF /* LaunchScreen.storyboard */,
				528BD58624F8DB6D001737AF /* Info.plist */,
				528BD58724F8DB6D001737AF /* main.m */,
			);
			path = Zujianhua;
			sourceTree = "<group>";
		};
/* End PBXGroup section */

/* Begin PBXNativeTarget section */
		528BD57124F8DB6B001737AF /* Zujianhua */ = {
			isa = PBXNativeTarget;
			buildConfigurationList = 528BD58B24F8DB6D001737AF /* Build configuration list for PBXNativeTarget "Zujianhua" */;
			buildPhases = (
				8C00F02119B1F54C226EA574 /* [CP] Check Pods Manifest.lock */,
				528BD56E24F8DB6B001737AF /* Sources */,
				528BD56F24F8DB6B001737AF /* Frameworks */,
				528BD57024F8DB6B001737AF /* Resources */,
				5D06F6782573576D282A46D1 /* [CP] Embed Pods Frameworks */,
			);
			buildRules = (
			);
			dependencies = (
			);
			name = Zujianhua;
			productName = Zujianhua;
			productReference = 528BD57224F8DB6B001737AF /* Zujianhua.app */;
			productType = "com.apple.product-type.application";
		};
/* End PBXNativeTarget section */

/* Begin PBXProject section */
		528BD56A24F8DB6B001737AF /* Project object */ = {
			isa = PBXProject;
			attributes = {
				LastUpgradeCheck = 1160;
				ORGANIZATIONNAME = "小春";
				TargetAttributes = {
					528BD57124F8DB6B001737AF = {
						CreatedOnToolsVersion = 11.6;
					};
				};
			};
			buildConfigurationList = 528BD56D24F8DB6B001737AF /* Build configuration list for PBXProject "Zujianhua" */;
			compatibilityVersion = "Xcode 9.3";
			developmentRegion = en;
			hasScannedForEncodings = 0;
			knownRegions = (
				en,
				Base,
			);
			mainGroup = 528BD56924F8DB6B001737AF;
			productRefGroup = 528BD57324F8DB6B001737AF /* Products */;
			projectDirPath = "";
			projectRoot = "";
			targets = (
				528BD57124F8DB6B001737AF /* Zujianhua */,
			);
		};
/* End PBXProject section */

/* Begin PBXResourcesBuildPhase section */
		528BD57024F8DB6B001737AF /* Resources */ = {
			isa = PBXResourcesBuildPhase;
			buildActionMask = 2147483647;
			files = (
				528BD58524F8DB6D001737AF /* LaunchScreen.storyboard in Resources */,
				528BD58224F8DB6D001737AF /* Assets.xcassets in Resources */,
				528BD58024F8DB6B001737AF /* Main.storyboard in Resources */,
			);
			runOnlyForDeploymentPostprocessing = 0;
		};
/* End PBXResourcesBuildPhase section */

/* Begin PBXShellScriptBuildPhase section */
		5D06F6782573576D282A46D1 /* [CP] Embed Pods Frameworks */ = {
			isa = PBXShellScriptBuildPhase;
			buildActionMask = 2147483647;
			files = (
			);
			inputFileListPaths = (
				"${PODS_ROOT}/Target Support Files/Pods-Zujianhua/Pods-Zujianhua-frameworks-${CONFIGURATION}-input-files.xcfilelist",
			);
			name = "[CP] Embed Pods Frameworks";
			outputFileListPaths = (
				"${PODS_ROOT}/Target Support Files/Pods-Zujianhua/Pods-Zujianhua-frameworks-${CONFIGURATION}-output-files.xcfilelist",
			);
			runOnlyForDeploymentPostprocessing = 0;
			shellPath = /bin/sh;
			shellScript = "\"${PODS_ROOT}/Target Support Files/Pods-Zujianhua/Pods-Zujianhua-frameworks.sh\"\n";
			showEnvVarsInLog = 0;
		};
		8C00F02119B1F54C226EA574 /* [CP] Check Pods Manifest.lock */ = {
			isa = PBXShellScriptBuildPhase;
			buildActionMask = 2147483647;
			files = (
			);
			inputFileListPaths = (
			);
			inputPaths = (
				"${PODS_PODFILE_DIR_PATH}/Podfile.lock",
				"${PODS_ROOT}/Manifest.lock",
			);
			name = "[CP] Check Pods Manifest.lock";
			outputFileListPaths = (
			);
			outputPaths = (
				"$(DERIVED_FILE_DIR)/Pods-Zujianhua-checkManifestLockResult.txt",
			);
			runOnlyForDeploymentPostprocessing = 0;
			shellPath = /bin/sh;
			shellScript = "diff \"${PODS_PODFILE_DIR_PATH}/Podfile.lock\" \"${PODS_ROOT}/Manifest.lock\" > /dev/null\nif [ $? != 0 ] ; then\n    # print error to STDERR\n    echo \"error: The sandbox is not in sync with the Podfile.lock. Run 'pod install' or update your CocoaPods installation.\" >&2\n    exit 1\nfi\n# This output is used by Xcode 'outputs' to avoid re-running this script phase.\necho \"SUCCESS\" > \"${SCRIPT_OUTPUT_FILE_0}\"\n";
			showEnvVarsInLog = 0;
		};
/* End PBXShellScriptBuildPhase section */

/* Begin PBXSourcesBuildPhase section */
		528BD56E24F8DB6B001737AF /* Sources */ = {
			isa = PBXSourcesBuildPhase;
			buildActionMask = 2147483647;
			files = (
				528BD57D24F8DB6B001737AF /* ViewController.m in Sources */,
				528BD57724F8DB6B001737AF /* AppDelegate.m in Sources */,
				528BD58824F8DB6D001737AF /* main.m in Sources */,
				528BD57A24F8DB6B001737AF /* SceneDelegate.m in Sources */,
			);
			runOnlyForDeploymentPostprocessing = 0;
		};
/* End PBXSourcesBuildPhase section */

/* Begin PBXVariantGroup section */
		528BD57E24F8DB6B001737AF /* Main.storyboard */ = {
			isa = PBXVariantGroup;
			children = (
				528BD57F24F8DB6B001737AF /* Base */,
			);
			name = Main.storyboard;
			sourceTree = "<group>";
		};
		528BD58324F8DB6D001737AF /* LaunchScreen.storyboard */ = {
			isa = PBXVariantGroup;
			children = (
				528BD58424F8DB6D001737AF /* Base */,
			);
			name = LaunchScreen.storyboard;
			sourceTree = "<group>";
		};
/* End PBXVariantGroup section */

/* Begin XCBuildConfiguration section */
		528BD58924F8DB6D001737AF /* Debug */ = {
			isa = XCBuildConfiguration;
			buildSettings = {
				ALWAYS_SEARCH_USER_PATHS = NO;
				CLANG_ANALYZER_NONNULL = YES;
				CLANG_ANALYZER_NUMBER_OBJECT_CONVERSION = YES_AGGRESSIVE;
				CLANG_CXX_LANGUAGE_STANDARD = "gnu++14";
				CLANG_CXX_LIBRARY = "libc++";
				CLANG_ENABLE_MODULES = YES;
				CLANG_ENABLE_OBJC_ARC = YES;
				CLANG_ENABLE_OBJC_WEAK = YES;
				CLANG_WARN_BLOCK_CAPTURE_AUTORELEASING = YES;
				CLANG_WARN_BOOL_CONVERSION = YES;
				CLANG_WARN_COMMA = YES;
				CLANG_WARN_CONSTANT_CONVERSION = YES;
				CLANG_WARN_DEPRECATED_OBJC_IMPLEMENTATIONS = YES;
				CLANG_WARN_DIRECT_OBJC_ISA_USAGE = YES_ERROR;
				CLANG_WARN_DOCUMENTATION_COMMENTS = YES;
				CLANG_WARN_EMPTY_BODY = YES;
				CLANG_WARN_ENUM_CONVERSION = YES;
				CLANG_WARN_INFINITE_RECURSION = YES;
				CLANG_WARN_INT_CONVERSION = YES;
				CLANG_WARN_NON_LITERAL_NULL_CONVERSION = YES;
				CLANG_WARN_OBJC_IMPLICIT_RETAIN_SELF = YES;
				CLANG_WARN_OBJC_LITERAL_CONVERSION = YES;
				CLANG_WARN_OBJC_ROOT_CLASS = YES_ERROR;
				CLANG_WARN_RANGE_LOOP_ANALYSIS = YES;
				CLANG_WARN_STRICT_PROTOTYPES = YES;
				CLANG_WARN_SUSPICIOUS_MOVE = YES;
				CLANG_WARN_UNGUARDED_AVAILABILITY = YES_AGGRESSIVE;
				CLANG_WARN_UNREACHABLE_CODE = YES;
				CLANG_WARN__DUPLICATE_METHOD_MATCH = YES;
				COPY_PHASE_STRIP = NO;
				DEBUG_INFORMATION_FORMAT = dwarf;
				ENABLE_STRICT_OBJC_MSGSEND = YES;
				ENABLE_TESTABILITY = YES;
				GCC_C_LANGUAGE_STANDARD = gnu11;
				GCC_DYNAMIC_NO_PIC = NO;
				GCC_NO_COMMON_BLOCKS = YES;
				GCC_OPTIMIZATION_LEVEL = 0;
				GCC_PREPROCESSOR_DEFINITIONS = (
					"DEBUG=1",
					"$(inherited)",
				);
				GCC_WARN_64_TO_32_BIT_CONVERSION = YES;
				GCC_WARN_ABOUT_RETURN_TYPE = YES_ERROR;
				GCC_WARN_UNDECLARED_SELECTOR = YES;
				GCC_WARN_UNINITIALIZED_AUTOS = YES_AGGRESSIVE;
				GCC_WARN_UNUSED_FUNCTION = YES;
				GCC_WARN_UNUSED_VARIABLE = YES;
				IPHONEOS_DEPLOYMENT_TARGET = 13.6;
				MTL_ENABLE_DEBUG_INFO = INCLUDE_SOURCE;
				MTL_FAST_MATH = YES;
				ONLY_ACTIVE_ARCH = YES;
				SDKROOT = iphoneos;
			};
			name = Debug;
		};
		528BD58A24F8DB6D001737AF /* Release */ = {
			isa = XCBuildConfiguration;
			buildSettings = {
				ALWAYS_SEARCH_USER_PATHS = NO;
				CLANG_ANALYZER_NONNULL = YES;
				CLANG_ANALYZER_NUMBER_OBJECT_CONVERSION = YES_AGGRESSIVE;
				CLANG_CXX_LANGUAGE_STANDARD = "gnu++14";
				CLANG_CXX_LIBRARY = "libc++";
				CLANG_ENABLE_MODULES = YES;
				CLANG_ENABLE_OBJC_ARC = YES;
				CLANG_ENABLE_OBJC_WEAK = YES;
				CLANG_WARN_BLOCK_CAPTURE_AUTORELEASING = YES;
				CLANG_WARN_BOOL_CONVERSION = YES;
				CLANG_WARN_COMMA = YES;
				CLANG_WARN_CONSTANT_CONVERSION = YES;
				CLANG_WARN_DEPRECATED_OBJC_IMPLEMENTATIONS = YES;
				CLANG_WARN_DIRECT_OBJC_ISA_USAGE = YES_ERROR;
				CLANG_WARN_DOCUMENTATION_COMMENTS = YES;
				CLANG_WARN_EMPTY_BODY = YES;
				CLANG_WARN_ENUM_CONVERSION = YES;
				CLANG_WARN_INFINITE_RECURSION = YES;
				CLANG_WARN_INT_CONVERSION = YES;
				CLANG_WARN_NON_LITERAL_NULL_CONVERSION = YES;
				CLANG_WARN_OBJC_IMPLICIT_RETAIN_SELF = YES;
				CLANG_WARN_OBJC_LITERAL_CONVERSION = YES;
				CLANG_WARN_OBJC_ROOT_CLASS = YES_ERROR;
				CLANG_WARN_RANGE_LOOP_ANALYSIS = YES;
				CLANG_WARN_STRICT_PROTOTYPES = YES;
				CLANG_WARN_SUSPICIOUS_MOVE = YES;
				CLANG_WARN_UNGUARDED_AVAILABILITY = YES_AGGRESSIVE;
				CLANG_WARN_UNREACHABLE_CODE = YES;
				CLANG_WARN__DUPLICATE_METHOD_MATCH = YES;
				COPY_PHASE_STRIP = NO;
				DEBUG_INFORMATION_FORMAT = "dwarf-with-dsym";
				ENABLE_NS_ASSERTIONS = NO;
				ENABLE_STRICT_OBJC_MSGSEND = YES;
				GCC_C_LANGUAGE_STANDARD = gnu11;
				GCC_NO_COMMON_BLOCKS = YES;
				GCC_WARN_64_TO_32_BIT_CONVERSION = YES;
				GCC_WARN_ABOUT_RETURN_TYPE = YES_ERROR;
				GCC_WARN_UNDECLARED_SELECTOR = YES;
				GCC_WARN_UNINITIALIZED_AUTOS = YES_AGGRESSIVE;
				GCC_WARN_UNUSED_FUNCTION = YES;
				GCC_WARN_UNUSED_VARIABLE = YES;
				IPHONEOS_DEPLOYMENT_TARGET = 13.6;
				MTL_ENABLE_DEBUG_INFO = NO;
				MTL_FAST_MATH = YES;
				SDKROOT = iphoneos;
				VALIDATE_PRODUCT = YES;
			};
			name = Release;
		};
		528BD58C24F8DB6D001737AF /* Debug */ = {
			isa = XCBuildConfiguration;
			baseConfigurationReference = 154376707F112F6AAA70E066 /* Pods-Zujianhua.debug.xcconfig */;
			buildSettings = {
				ASSETCATALOG_COMPILER_APPICON_NAME = AppIcon;
				CODE_SIGN_STYLE = Automatic;
				DEVELOPMENT_TEAM = 9354767GC4;
				INFOPLIST_FILE = Zujianhua/Info.plist;
				LD_RUNPATH_SEARCH_PATHS = (
					"$(inherited)",
					"@executable_path/Frameworks",
				);
				PRODUCT_BUNDLE_IDENTIFIER = testCom.Zujianhua;
				PRODUCT_NAME = "$(TARGET_NAME)";
				TARGETED_DEVICE_FAMILY = "1,2";
			};
			name = Debug;
		};
		528BD58D24F8DB6D001737AF /* Release */ = {
			isa = XCBuildConfiguration;
			baseConfigurationReference = 00DA81C266DF36A1C1B6E043 /* Pods-Zujianhua.release.xcconfig */;
			buildSettings = {
				ASSETCATALOG_COMPILER_APPICON_NAME = AppIcon;
				CODE_SIGN_STYLE = Automatic;
				DEVELOPMENT_TEAM = 9354767GC4;
				INFOPLIST_FILE = Zujianhua/Info.plist;
				LD_RUNPATH_SEARCH_PATHS = (
					"$(inherited)",
					"@executable_path/Frameworks",
				);
				PRODUCT_BUNDLE_IDENTIFIER = testCom.Zujianhua;
				PRODUCT_NAME = "$(TARGET_NAME)";
				TARGETED_DEVICE_FAMILY = "1,2";
			};
			name = Release;
		};
/* End XCBuildConfiguration section */

/* Begin XCConfigurationList section */
		528BD56D24F8DB6B001737AF /* Build configuration list for PBXProject "Zujianhua" */ = {
			isa = XCConfigurationList;
			buildConfigurations = (
				528BD58924F8DB6D001737AF /* Debug */,
				528BD58A24F8DB6D001737AF /* Release */,
			);
			defaultConfigurationIsVisible = 0;
			defaultConfigurationName = Release;
		};
		528BD58B24F8DB6D001737AF /* Build configuration list for PBXNativeTarget "Zujianhua" */ = {
			isa = XCConfigurationList;
			buildConfigurations = (
				528BD58C24F8DB6D001737AF /* Debug */,
				528BD58D24F8DB6D001737AF /* Release */,
			);
			defaultConfigurationIsVisible = 0;
			defaultConfigurationName = Release;
		};
/* End XCConfigurationList section */
	};
	rootObject = 528BD56A24F8DB6B001737AF /* Project object */;
}
